
Microsoft Visual Studio Solution File, Format Version 12.00
# Visual Studio Version 16
VisualStudioVersion = 16.0.29318.209
MinimumVisualStudioVersion = 10.0.40219.1
Project("{FAE04EC0-301F-11D3-BF4B-00C04F79EFBC}") = "ClassicThemeTray", "ClassicThemeTray\ClassicThemeTray.csproj", "{BCD7AF55-3865-4929-8329-66544817F09A}"
EndProject
Global
	GlobalSection(SolutionConfigurationPlatforms) = preSolution
		Debug|Any CPU = Debug|Any CPU
		Release|Any CPU = Release|Any CPU
	EndGlobalSection
	GlobalSection(ProjectConfigurationPlatforms) = postSolution
		{BCD7AF55-3865-4929-8329-66544817F09A}.Debug|Any CPU.ActiveCfg = Debug|Any CPU
		{BCD7AF55-3865-4929-8329-66544817F09A}.Debug|Any CPU.Build.0 = Debug|Any CPU
		{BCD7AF55-3865-4929-8329-66544817F09A}.Release|Any CPU.ActiveCfg = Release|Any CPU
		{BCD7AF55-3865-4929-8329-66544817F09A}.Release|Any CPU.Build.0 = Release|Any CPU
	EndGlobalSection
	GlobalSection(SolutionProperties) = preSolution
		HideSolutionNode = FALSE
	EndGlobalSection
	GlobalSection(ExtensibilityGlobals) = postSolution
		SolutionGuid = {3A807CF2-EDAB-46BA-A0CC-80750FE41A86}
	EndGlobalSection
EndGlobal
